# THIS IS AN AUTOGENERATED FILE. DO NOT EDIT THIS FILE DIRECTLY.
# yarn lockfile v1


"@babel/code-frame@^7.16.7":
  version "7.16.7"
  resolved "https://registry.npmmirror.com/@babel/code-frame/-/code-frame-7.16.7.tgz#44416b6bd7624b998f5b1af5d470856c40138789"
  integrity sha512-iAXqUn8IIeBTNd72xsFlgaXHkMBMt6y4HJp1tIaK465CWLT/fG1aqB7ykr95gHHmlBdGbFeWWfyB4NJJ0nmeIg==
  dependencies:
    "@babel/highlight" "^7.16.7"

"@babel/generator@^7.18.2":
  version "7.18.2"
  resolved "https://registry.npmmirror.com/@babel/generator/-/generator-7.18.2.tgz#33873d6f89b21efe2da63fe554460f3df1c5880d"
  integrity sha512-W1lG5vUwFvfMd8HVXqdfbuG7RuaSrTCCD8cl8fP8wOivdbtbIg2Db3IWUcgvfxKbbn6ZBGYRW/Zk1MIwK49mgw==
  dependencies:
    "@babel/types" "^7.18.2"
    "@jridgewell/gen-mapping" "^0.3.0"
    jsesc "^2.5.1"

"@babel/helper-environment-visitor@^7.18.2":
  version "7.18.2"
  resolved "https://registry.npmmirror.com/@babel/helper-environment-visitor/-/helper-environment-visitor-7.18.2.tgz#8a6d2dedb53f6bf248e31b4baf38739ee4a637bd"
  integrity sha512-14GQKWkX9oJzPiQQ7/J36FTXcD4kSp8egKjO9nINlSKiHITRA9q/R74qu8S9xlc/b/yjsJItQUeeh3xnGN0voQ==

"@babel/helper-function-name@^7.17.9":
  version "7.17.9"
  resolved "https://registry.npmmirror.com/@babel/helper-function-name/-/helper-function-name-7.17.9.tgz#136fcd54bc1da82fcb47565cf16fd8e444b1ff12"
  integrity sha512-7cRisGlVtiVqZ0MW0/yFB4atgpGLWEHUVYnb448hZK4x+vih0YO5UoS11XIYtZYqHd0dIPMdUSv8q5K4LdMnIg==
  dependencies:
    "@babel/template" "^7.16.7"
    "@babel/types" "^7.17.0"

"@babel/helper-hoist-variables@^7.16.7":
  version "7.16.7"
  resolved "https://registry.npmmirror.com/@babel/helper-hoist-variables/-/helper-hoist-variables-7.16.7.tgz#86bcb19a77a509c7b77d0e22323ef588fa58c246"
  integrity sha512-m04d/0Op34H5v7pbZw6pSKP7weA6lsMvfiIAMeIvkY/R4xQtBSMFEigu9QTZ2qB/9l22vsxtM8a+Q8CzD255fg==
  dependencies:
    "@babel/types" "^7.16.7"

"@babel/helper-split-export-declaration@^7.16.7":
  version "7.16.7"
  resolved "https://registry.npmmirror.com/@babel/helper-split-export-declaration/-/helper-split-export-declaration-7.16.7.tgz#0b648c0c42da9d3920d85ad585f2778620b8726b"
  integrity sha512-xbWoy/PFoxSWazIToT9Sif+jJTlrMcndIsaOKvTA6u7QEo7ilkRZpjew18/W3c7nm8fXdUDXh02VXTbZ0pGDNw==
  dependencies:
    "@babel/types" "^7.16.7"

"@babel/helper-validator-identifier@^7.16.7":
  version "7.16.7"
  resolved "https://registry.npmmirror.com/@babel/helper-validator-identifier/-/helper-validator-identifier-7.16.7.tgz#e8c602438c4a8195751243da9031d1607d247cad"
  integrity sha512-hsEnFemeiW4D08A5gUAZxLBTXpZ39P+a+DGDsHw1yxqyQ/jzFEnxf5uTEGp+3bzAbNOxU1paTgYS4ECU/IgfDw==

"@babel/highlight@^7.16.7":
  version "7.17.12"
  resolved "https://registry.npmmirror.com/@babel/highlight/-/highlight-7.17.12.tgz#257de56ee5afbd20451ac0a75686b6b404257351"
  integrity sha512-7yykMVF3hfZY2jsHZEEgLc+3x4o1O+fYyULu11GynEUQNwB6lua+IIQn1FiJxNucd5UlyJryrwsOh8PL9Sn8Qg==
  dependencies:
    "@babel/helper-validator-identifier" "^7.16.7"
    chalk "^2.0.0"
    js-tokens "^4.0.0"

"@babel/parser@^7.16.7", "@babel/parser@^7.18.0", "@babel/parser@^7.18.4":
  version "7.18.4"
  resolved "https://registry.npmmirror.com/@babel/parser/-/parser-7.18.4.tgz#6774231779dd700e0af29f6ad8d479582d7ce5ef"
  integrity sha512-FDge0dFazETFcxGw/EXzOkN8uJp0PC7Qbm+Pe9T+av2zlBpOgunFHkQPPn+eRuClU73JF+98D531UgayY89tow==

"@babel/template@^7.16.7":
  version "7.16.7"
  resolved "https://registry.npmmirror.com/@babel/template/-/template-7.16.7.tgz#8d126c8701fde4d66b264b3eba3d96f07666d155"
  integrity sha512-I8j/x8kHUrbYRTUxXrrMbfCa7jxkE7tZre39x3kjr9hvI82cK1FfqLygotcWN5kdPGWcLdWMHpSBavse5tWw3w==
  dependencies:
    "@babel/code-frame" "^7.16.7"
    "@babel/parser" "^7.16.7"
    "@babel/types" "^7.16.7"

"@babel/traverse@^7.18.2":
  version "7.18.2"
  resolved "https://registry.npmmirror.com/@babel/traverse/-/traverse-7.18.2.tgz#b77a52604b5cc836a9e1e08dca01cba67a12d2e8"
  integrity sha512-9eNwoeovJ6KH9zcCNnENY7DMFwTU9JdGCFtqNLfUAqtUHRCOsTOqWoffosP8vKmNYeSBUv3yVJXjfd8ucwOjUA==
  dependencies:
    "@babel/code-frame" "^7.16.7"
    "@babel/generator" "^7.18.2"
    "@babel/helper-environment-visitor" "^7.18.2"
    "@babel/helper-function-name" "^7.17.9"
    "@babel/helper-hoist-variables" "^7.16.7"
    "@babel/helper-split-export-declaration" "^7.16.7"
    "@babel/parser" "^7.18.0"
    "@babel/types" "^7.18.2"
    debug "^4.1.0"
    globals "^11.1.0"

"@babel/types@^7.16.7", "@babel/types@^7.17.0", "@babel/types@^7.18.2", "@babel/types@^7.18.4":
  version "7.18.4"
  resolved "https://registry.npmmirror.com/@babel/types/-/types-7.18.4.tgz#27eae9b9fd18e9dccc3f9d6ad051336f307be354"
  integrity sha512-ThN1mBcMq5pG/Vm2IcBmPPfyPXbd8S02rS+OBIDENdufvqC7Z/jHPCv9IcP01277aKtDI8g/2XysBN4hA8niiw==
  dependencies:
    "@babel/helper-validator-identifier" "^7.16.7"
    to-fast-properties "^2.0.0"

"@cspotcode/source-map-support@^0.8.0":
  version "0.8.1"
  resolved "https://registry.npmmirror.com/@cspotcode/source-map-support/-/source-map-support-0.8.1.tgz#00629c35a688e05a88b1cda684fb9d5e73f000a1"
  integrity sha512-IchNf6dN4tHoMFIn/7OE8LWZ19Y6q/67Bmf6vnGREv8RSbBVb9LPJxEcnwrcwX6ixSvaiGoomAUvu4YSxXrVgw==
  dependencies:
    "@jridgewell/trace-mapping" "0.3.9"

"@jridgewell/gen-mapping@^0.3.0":
  version "0.3.1"
  resolved "https://registry.npmmirror.com/@jridgewell/gen-mapping/-/gen-mapping-0.3.1.tgz#cf92a983c83466b8c0ce9124fadeaf09f7c66ea9"
  integrity sha512-GcHwniMlA2z+WFPWuY8lp3fsza0I8xPFMWL5+n8LYyP6PSvPrXf4+n8stDHZY2DM0zy9sVkRDy1jDI4XGzYVqg==
  dependencies:
    "@jridgewell/set-array" "^1.0.0"
    "@jridgewell/sourcemap-codec" "^1.4.10"
    "@jridgewell/trace-mapping" "^0.3.9"

"@jridgewell/resolve-uri@^3.0.3":
  version "3.0.7"
  resolved "https://registry.npmmirror.com/@jridgewell/resolve-uri/-/resolve-uri-3.0.7.tgz#30cd49820a962aff48c8fffc5cd760151fca61fe"
  integrity sha512-8cXDaBBHOr2pQ7j77Y6Vp5VDT2sIqWyWQ56TjEq4ih/a4iST3dItRe8Q9fp0rrIl9DoKhWQtUQz/YpOxLkXbNA==

"@jridgewell/set-array@^1.0.0":
  version "1.1.1"
  resolved "https://registry.npmmirror.com/@jridgewell/set-array/-/set-array-1.1.1.tgz#36a6acc93987adcf0ba50c66908bd0b70de8afea"
  integrity sha512-Ct5MqZkLGEXTVmQYbGtx9SVqD2fqwvdubdps5D3djjAkgkKwT918VNOz65pEHFaYTeWcukmJmH5SwsA9Tn2ObQ==

"@jridgewell/sourcemap-codec@^1.4.10":
  version "1.4.13"
  resolved "https://registry.npmmirror.com/@jridgewell/sourcemap-codec/-/sourcemap-codec-1.4.13.tgz#b6461fb0c2964356c469e115f504c95ad97ab88c"
  integrity sha512-GryiOJmNcWbovBxTfZSF71V/mXbgcV3MewDe3kIMCLyIh5e7SKAeUZs+rMnJ8jkMolZ/4/VsdBmMrw3l+VdZ3w==

"@jridgewell/trace-mapping@0.3.9":
  version "0.3.9"
  resolved "https://registry.npmmirror.com/@jridgewell/trace-mapping/-/trace-mapping-0.3.9.tgz#6534fd5933a53ba7cbf3a17615e273a0d1273ff9"
  integrity sha512-3Belt6tdc8bPgAtbcmdtNJlirVoTmEb5e2gC94PnkwEW9jI6CAHUeoG85tjWP5WquqfavoMtMwiG4P926ZKKuQ==
  dependencies:
    "@jridgewell/resolve-uri" "^3.0.3"
    "@jridgewell/sourcemap-codec" "^1.4.10"

"@jridgewell/trace-mapping@^0.3.9":
  version "0.3.13"
  resolved "https://registry.npmmirror.com/@jridgewell/trace-mapping/-/trace-mapping-0.3.13.tgz#dcfe3e95f224c8fe97a87a5235defec999aa92ea"
  integrity sha512-o1xbKhp9qnIAoHJSWd6KlCZfqslL4valSF81H8ImioOAxluWYWOpWkpyktY2vnt4tbrX9XYaxovq6cgowaJp2w==
  dependencies:
    "@jridgewell/resolve-uri" "^3.0.3"
    "@jridgewell/sourcemap-codec" "^1.4.10"

"@tsconfig/node10@^1.0.7":
  version "1.0.8"
  resolved "https://registry.npmmirror.com/@tsconfig/node10/-/node10-1.0.8.tgz#c1e4e80d6f964fbecb3359c43bd48b40f7cadad9"
  integrity sha512-6XFfSQmMgq0CFLY1MslA/CPUfhIL919M1rMsa5lP2P097N2Wd1sSX0tx1u4olM16fLNhtHZpRhedZJphNJqmZg==

"@tsconfig/node12@^1.0.7":
  version "1.0.9"
  resolved "https://registry.npmmirror.com/@tsconfig/node12/-/node12-1.0.9.tgz#62c1f6dee2ebd9aead80dc3afa56810e58e1a04c"
  integrity sha512-/yBMcem+fbvhSREH+s14YJi18sp7J9jpuhYByADT2rypfajMZZN4WQ6zBGgBKp53NKmqI36wFYDb3yaMPurITw==

"@tsconfig/node14@^1.0.0":
  version "1.0.1"
  resolved "https://registry.npmmirror.com/@tsconfig/node14/-/node14-1.0.1.tgz#95f2d167ffb9b8d2068b0b235302fafd4df711f2"
  integrity sha512-509r2+yARFfHHE7T6Puu2jjkoycftovhXRqW328PDXTVGKihlb1P8Z9mMZH04ebyajfRY7dedfGynlrFHJUQCg==

"@tsconfig/node16@^1.0.2":
  version "1.0.2"
  resolved "https://registry.npmmirror.com/@tsconfig/node16/-/node16-1.0.2.tgz#423c77877d0569db20e1fc80885ac4118314010e"
  integrity sha512-eZxlbI8GZscaGS7kkc/trHTT5xgrjH3/1n2JDwusC9iahPKWMRvRjJSAN5mCXviuTGQ/lHnhvv8Q1YTpnfz9gA==

"@types/glob@^7.2.0":
  version "7.2.0"
  resolved "https://registry.npmmirror.com/@types/glob/-/glob-7.2.0.tgz#bc1b5bf3aa92f25bd5dd39f35c57361bdce5b2eb"
  integrity sha512-ZUxbzKl0IfJILTS6t7ip5fQQM/J3TJYubDm3nMbgubNNYS62eXeUpoLUC8/7fJNiFYHTrGPQn7hspDUzIHX3UA==
  dependencies:
    "@types/minimatch" "*"
    "@types/node" "*"

"@types/lodash@^4.14.182":
  version "4.14.182"
  resolved "https://registry.npmmirror.com/@types/lodash/-/lodash-4.14.182.tgz#05301a4d5e62963227eaafe0ce04dd77c54ea5c2"
  integrity sha512-/THyiqyQAP9AfARo4pF+aCGcyiQ94tX/Is2I7HofNRqoYLgN1PBoOWu2/zTA5zMxzP5EFutMtWtGAFRKUe961Q==

"@types/minimatch@*":
  version "3.0.5"
  resolved "https://registry.npmmirror.com/@types/minimatch/-/minimatch-3.0.5.tgz#1001cc5e6a3704b83c236027e77f2f58ea010f40"
  integrity sha512-Klz949h02Gz2uZCMGwDUSDS1YBlTdDDgbWHi+81l29tQALUtvz4rAYi5uoVhE5Lagoq6DeqAUlbrHvW/mXDgdQ==

"@types/node@*":
  version "17.0.41"
  resolved "https://registry.npmmirror.com/@types/node/-/node-17.0.41.tgz#1607b2fd3da014ae5d4d1b31bc792a39348dfb9b"
  integrity sha512-xA6drNNeqb5YyV5fO3OAEsnXLfO7uF0whiOfPTz5AeDo8KeZFmODKnvwPymMNO8qE/an8pVY/O50tig2SQCrGw==

"@types/node@^17.0.40":
  version "17.0.40"
  resolved "https://registry.npmmirror.com/@types/node/-/node-17.0.40.tgz#76ee88ae03650de8064a6cf75b8d95f9f4a16090"
  integrity sha512-UXdBxNGqTMtm7hCwh9HtncFVLrXoqA3oJW30j6XWp5BH/wu3mVeaxo7cq5benFdBw34HB3XDT2TRPI7rXZ+mDg==

acorn-walk@^8.1.1:
  version "8.2.0"
  resolved "https://registry.npmmirror.com/acorn-walk/-/acorn-walk-8.2.0.tgz#741210f2e2426454508853a2f44d0ab83b7f69c1"
  integrity sha512-k+iyHEuPgSw6SbuDpGQM+06HQUa04DZ3o+F6CSzXMvvI5KMvnaEqXe+YVe555R9nn6GPt404fos4wcgpw12SDA==

acorn@^8.4.1:
  version "8.7.1"
  resolved "https://registry.npmmirror.com/acorn/-/acorn-8.7.1.tgz#0197122c843d1bf6d0a5e83220a788f278f63c30"
  integrity sha512-Xx54uLJQZ19lKygFXOWsscKUbsBZW0CPykPhVQdhIeIwrbPmJzqeASDInc8nKBnp/JT6igTs82qPXz069H8I/A==

ansi-styles@^3.2.1:
  version "3.2.1"
  resolved "https://registry.npmmirror.com/ansi-styles/-/ansi-styles-3.2.1.tgz#41fbb20243e50b12be0f04b8dedbf07520ce841d"
  integrity sha512-VT0ZI6kZRdTh8YyJw3SMbYm/u+NqfsAxEpWO0Pf9sq8/e94WxxOpPKx9FR1FlyCtOVDNOQ+8ntlqFxiRc+r5qA==
  dependencies:
    color-convert "^1.9.0"

arg@^4.1.0:
  version "4.1.3"
  resolved "https://registry.npmmirror.com/arg/-/arg-4.1.3.tgz#269fc7ad5b8e42cb63c896d5666017261c144089"
  integrity sha512-58S9QDqG0Xx27YwPSt9fJxivjYl432YCwfDMfZ+71RAqUrZef7LrKQZ3LHLOwCS4FLNBplP533Zx895SeOCHvA==

balanced-match@^1.0.0:
  version "1.0.2"
  resolved "https://registry.npmmirror.com/balanced-match/-/balanced-match-1.0.2.tgz#e83e3a7e3f300b34cb9d87f615fa0cbf357690ee"
  integrity sha512-3oSeUO0TMV67hN1AmbXsK4yaqU7tjiHlbxRDZOpH0KW9+CeX4bRAaX0Anxt0tx2MrpRpWwQaPwIlISEJhYU5Pw==

brace-expansion@^2.0.1:
  version "2.0.1"
  resolved "https://registry.npmmirror.com/brace-expansion/-/brace-expansion-2.0.1.tgz#1edc459e0f0c548486ecf9fc99f2221364b9a0ae"
  integrity sha512-XnAIvQ8eM+kC6aULx6wuQiwVsnzsi9d3WxzV3FpWTGA19F621kwdbsAcFKXgKUHZWsy+mY6iL1sHTxWEFCytDA==
  dependencies:
    balanced-match "^1.0.0"

chalk@^2.0.0:
  version "2.4.2"
  resolved "https://registry.npmmirror.com/chalk/-/chalk-2.4.2.tgz#cd42541677a54333cf541a49108c1432b44c9424"
  integrity sha512-Mti+f9lpJNcwF4tWV8/OrTTtF1gZi+f8FqlyAdouralcFWFQWF2+NgCHShjkCb+IFBLq9buZwE1xckQU4peSuQ==
  dependencies:
    ansi-styles "^3.2.1"
    escape-string-regexp "^1.0.5"
    supports-color "^5.3.0"

color-convert@^1.9.0:
  version "1.9.3"
  resolved "https://registry.npmmirror.com/color-convert/-/color-convert-1.9.3.tgz#bb71850690e1f136567de629d2d5471deda4c1e8"
  integrity sha512-QfAUtd+vFdAtFQcC8CCyYt1fYWxSqAiK2cSD6zDB8N3cpsEBAvRxp9zOGg6G/SHHJYAT88/az/IuDGALsNVbGg==
  dependencies:
    color-name "1.1.3"

color-name@1.1.3:
  version "1.1.3"
  resolved "https://registry.npmmirror.com/color-name/-/color-name-1.1.3.tgz#a7d0558bd89c42f795dd42328f740831ca53bc25"
  integrity sha512-72fSenhMw2HZMTVHeCA9KCmpEIbzWiQsjN+BHcBbS9vr1mtt+vJjPdksIBNUmKAW8TFUDPJK5SUU3QhE9NEXDw==

create-require@^1.1.0:
  version "1.1.1"
  resolved "https://registry.npmmirror.com/create-require/-/create-require-1.1.1.tgz#c1d7e8f1e5f6cfc9ff65f9cd352d37348756c333"
  integrity sha512-dcKFX3jn0MpIaXjisoRvexIJVEKzaq7z2rZKxf+MSr9TkdmHmsU4m2lcLojrj/FHl8mk5VxMmYA+ftRkP/3oKQ==

debug@^4.1.0:
  version "4.3.4"
  resolved "https://registry.npmmirror.com/debug/-/debug-4.3.4.tgz#1319f6579357f2338d3337d2cdd4914bb5dcc865"
  integrity sha512-PRWFHuSU3eDtQJPvnNY7Jcket1j0t5OuOsFzPPzsekD52Zl8qUfFIPEiswXqIvHWGVHOgX+7G/vCNNhehwxfkQ==
  dependencies:
    ms "2.1.2"

diff@^4.0.1:
  version "4.0.2"
  resolved "https://registry.npmmirror.com/diff/-/diff-4.0.2.tgz#60f3aecb89d5fae520c11aa19efc2bb982aade7d"
  integrity sha512-58lmxKSA4BNyLz+HHMUzlOEpg09FV+ev6ZMe3vJihgdxzgcwZ8VoEEPmALCZG9LmqfVoNMMKpttIYTVG6uDY7A==

escape-string-regexp@^1.0.5:
  version "1.0.5"
  resolved "https://registry.npmmirror.com/escape-string-regexp/-/escape-string-regexp-1.0.5.tgz#1b61c0562190a8dff6ae3bb2cf0200ca130b86d4"
  integrity sha512-vbRorB5FUQWvla16U8R/qgaFIya2qGzwDrNmCZuYKrbdSUMG6I1ZCGQRefkRVhuOkIGVne7BQ35DSfo1qvJqFg==

fs.realpath@^1.0.0:
  version "1.0.0"
  resolved "https://registry.npmmirror.com/fs.realpath/-/fs.realpath-1.0.0.tgz#1504ad2523158caa40db4a2787cb01411994ea4f"
  integrity sha512-OO0pH2lK6a0hZnAdau5ItzHPI6pUlvI7jMVnxUQRtw4owF2wk8lOSabtGDCTP4Ggrg2MbGnWO9X8K1t4+fGMDw==

glob@^8.0.3:
  version "8.0.3"
  resolved "https://registry.npmmirror.com/glob/-/glob-8.0.3.tgz#415c6eb2deed9e502c68fa44a272e6da6eeca42e"
  integrity sha512-ull455NHSHI/Y1FqGaaYFaLGkNMMJbavMrEGFXG/PGrg6y7sutWHUHrz6gy6WEBH6akM1M414dWKCNs+IhKdiQ==
  dependencies:
    fs.realpath "^1.0.0"
    inflight "^1.0.4"
    inherits "2"
    minimatch "^5.0.1"
    once "^1.3.0"

globals@^11.1.0:
  version "11.12.0"
  resolved "https://registry.npmmirror.com/globals/-/globals-11.12.0.tgz#ab8795338868a0babd8525758018c2a7eb95c42e"
  integrity sha512-WOBp/EEGUiIsJSp7wcv/y6MO+lV9UoncWqxuFfm8eBwzWNgyfBd6Gz+IeKQ9jCmyhoH99g15M3T+QaVHFjizVA==

has-flag@^3.0.0:
  version "3.0.0"
  resolved "https://registry.npmmirror.com/has-flag/-/has-flag-3.0.0.tgz#b5d454dc2199ae225699f3467e5a07f3b955bafd"
  integrity sha512-sKJf1+ceQBr4SMkvQnBDNDtf4TXpVhVGateu0t918bl30FnbE2m4vNLX+VWe/dpjlb+HugGYzW7uQXH98HPEYw==

inflight@^1.0.4:
  version "1.0.6"
  resolved "https://registry.npmmirror.com/inflight/-/inflight-1.0.6.tgz#49bd6331d7d02d0c09bc910a1075ba8165b56df9"
  integrity sha512-k92I/b08q4wvFscXCLvqfsHCrjrF7yiXsQuIVvVE7N82W3+aqpzuUdBbfhWcy/FZR3/4IgflMgKLOsvPDrGCJA==
  dependencies:
    once "^1.3.0"
    wrappy "1"

inherits@2:
  version "2.0.4"
  resolved "https://registry.npmmirror.com/inherits/-/inherits-2.0.4.tgz#0fa2c64f932917c3433a0ded55363aae37416b7c"
  integrity sha512-k/vGaX4/Yla3WzyMCvTQOXYeIHvqOKtnqBduzTHpzpQZzAskKMhZ2K+EnBiSM9zGSoIFeMpXKxa4dYeZIQqewQ==

js-tokens@^4.0.0:
  version "4.0.0"
  resolved "https://registry.npmmirror.com/js-tokens/-/js-tokens-4.0.0.tgz#19203fb59991df98e3a287050d4647cdeaf32499"
  integrity sha512-RdJUflcE3cUzKiMqQgsCu06FPu9UdIJO0beYbPhHN4k6apgJtifcoCtT9bcxOpYBtpD2kCM6Sbzg4CausW/PKQ==

jsesc@^2.5.1:
  version "2.5.2"
  resolved "https://registry.npmmirror.com/jsesc/-/jsesc-2.5.2.tgz#80564d2e483dacf6e8ef209650a67df3f0c283a4"
  integrity sha512-OYu7XEzjkCQ3C5Ps3QIZsQfNpqoJyZZA99wd9aWd05NCtC5pWOkShK2mkL6HXQR6/Cy2lbNdPlZBpuQHXE63gA==

lodash@^4.17.21:
  version "4.17.21"
  resolved "https://registry.npmmirror.com/lodash/-/lodash-4.17.21.tgz#679591c564c3bffaae8454cf0b3df370c3d6911c"
  integrity sha512-v2kDEe57lecTulaDIuNTPy3Ry4gLGJ6Z1O3vE1krgXZNrsQ+LFTGHVxVjcXPs17LhbZVGedAJv8XZ1tvj5FvSg==

make-error@^1.1.1:
  version "1.3.6"
  resolved "https://registry.npmmirror.com/make-error/-/make-error-1.3.6.tgz#2eb2e37ea9b67c4891f684a1394799af484cf7a2"
  integrity sha512-s8UhlNe7vPKomQhC1qFelMokr/Sc3AgNbso3n74mVPA5LTZwkB9NlXf4XPamLxJE8h0gh73rM94xvwRT2CVInw==

minimatch@^5.0.1:
  version "5.1.0"
  resolved "https://registry.npmmirror.com/minimatch/-/minimatch-5.1.0.tgz#1717b464f4971b144f6aabe8f2d0b8e4511e09c7"
  integrity sha512-9TPBGGak4nHfGZsPBohm9AWg6NoT7QTCehS3BIJABslyZbzxfV78QM2Y6+i741OPZIafFAaiiEMh5OyIrJPgtg==
  dependencies:
    brace-expansion "^2.0.1"

ms@2.1.2:
  version "2.1.2"
  resolved "https://registry.npmmirror.com/ms/-/ms-2.1.2.tgz#d09d1f357b443f493382a8eb3ccd183872ae6009"
  integrity sha512-sGkPx+VjMtmA6MX27oA4FBFELFCZZ4S4XqeGOXCv68tT+jb3vk/RyaKWP0PTKyWtmLSM0b+adUTEvbs1PEaH2w==

once@^1.3.0:
  version "1.4.0"
  resolved "https://registry.npmmirror.com/once/-/once-1.4.0.tgz#583b1aa775961d4b113ac17d9c50baef9dd76bd1"
  integrity sha512-lNaJgI+2Q5URQBkccEKHTQOPaXdUxnZZElQTZY0MFUAuaEqe1E+Nyvgdz/aIyNi6Z9MzO5dv1H8n58/GELp3+w==
  dependencies:
    wrappy "1"

supports-color@^5.3.0:
  version "5.5.0"
  resolved "https://registry.npmmirror.com/supports-color/-/supports-color-5.5.0.tgz#e2e69a44ac8772f78a1ec0b35b689df6530efc8f"
  integrity sha512-QjVjwdXIt408MIiAqCX4oUKsgU2EqAGzs2Ppkm4aQYbjm+ZEWEcW4SfFNTr4uMNZma0ey4f5lgLrkB0aX0QMow==
  dependencies:
    has-flag "^3.0.0"

to-fast-properties@^2.0.0:
  version "2.0.0"
  resolved "https://registry.npmmirror.com/to-fast-properties/-/to-fast-properties-2.0.0.tgz#dc5e698cbd079265bc73e0377681a4e4e83f616e"
  integrity sha512-/OaKK0xYrs3DmxRYqL/yDc+FxFUVYhDlXMhRmv3z915w2HF1tnN1omB354j8VUGO/hbRzyD6Y3sA7v7GS/ceog==

ts-node@^10.8.1:
  version "10.8.1"
  resolved "https://registry.npmmirror.com/ts-node/-/ts-node-10.8.1.tgz#ea2bd3459011b52699d7e88daa55a45a1af4f066"
  integrity sha512-Wwsnao4DQoJsN034wePSg5nZiw4YKXf56mPIAeD6wVmiv+RytNSWqc2f3fKvcUoV+Yn2+yocD71VOfQHbmVX4g==
  dependencies:
    "@cspotcode/source-map-support" "^0.8.0"
    "@tsconfig/node10" "^1.0.7"
    "@tsconfig/node12" "^1.0.7"
    "@tsconfig/node14" "^1.0.0"
    "@tsconfig/node16" "^1.0.2"
    acorn "^8.4.1"
    acorn-walk "^8.1.1"
    arg "^4.1.0"
    create-require "^1.1.0"
    diff "^4.0.1"
    make-error "^1.1.1"
    v8-compile-cache-lib "^3.0.1"
    yn "3.1.1"

tslib@^2.4.0:
  version "2.4.0"
  resolved "https://registry.npmmirror.com/tslib/-/tslib-2.4.0.tgz#7cecaa7f073ce680a05847aa77be941098f36dc3"
  integrity sha512-d6xOpEDfsi2CZVlPQzGeux8XMwLT9hssAsaPYExaQMuYskwb+x1x7J371tWlbBdWHroy99KnVB6qIkUbs5X3UQ==

typescript@^4.7.3:
  version "4.7.3"
  resolved "https://registry.npmmirror.com/typescript/-/typescript-4.7.3.tgz#8364b502d5257b540f9de4c40be84c98e23a129d"
  integrity sha512-WOkT3XYvrpXx4vMMqlD+8R8R37fZkjyLGlxavMc4iB8lrl8L0DeTcHbYgw/v0N/z9wAFsgBhcsF0ruoySS22mA==

v8-compile-cache-lib@^3.0.1:
  version "3.0.1"
  resolved "https://registry.npmmirror.com/v8-compile-cache-lib/-/v8-compile-cache-lib-3.0.1.tgz#6336e8d71965cb3d35a1bbb7868445a7c05264bf"
  integrity sha512-wa7YjyUGfNZngI/vtK0UHAN+lgDCxBPCylVXGp0zu59Fz5aiGtNXaq3DhIov063MorB+VfufLh3JlF2KdTK3xg==

wrappy@1:
  version "1.0.2"
  resolved "https://registry.npmmirror.com/wrappy/-/wrappy-1.0.2.tgz#b5243d8f3ec1aa35f1364605bc0d1036e30ab69f"
  integrity sha512-l4Sp/DRseor9wL6EvV2+TuQn63dMkPjZ/sp9XkghTEbV9KlPS1xUsZ3u7/IQO4wxtcFB4bgpQPRcR3QCvezPcQ==

yn@3.1.1:
  version "3.1.1"
  resolved "https://registry.npmmirror.com/yn/-/yn-3.1.1.tgz#1e87401a09d767c1d5eab26a6e4c185182d2eb50"
  integrity sha512-Ux4ygGWsu2c7isFWe8Yu1YluJmqVhxqK2cLXNQA5AcC3QfbGNpM7fu0Y8b/z16pXLnFxZYvWhd3fhBY9DLmC6Q==
